// !$*UTF8*$!
{
	archiveVersion = 1;
	classes = {
	};
	objectVersion = 52;
	objects = {

/* Begin PBXBuildFile section */
		52A9AB7A25AFEF67008434FF /* StreamCast.xcdatamodeld in Sources */ = {isa = PBXBuildFile; fileRef = 52A9AB6425AFEF66008434FF /* StreamCast.xcdatamodeld */; };
		52A9AB7B25AFEF67008434FF /* StreamCast.xcdatamodeld in Sources */ = {isa = PBXBuildFile; fileRef = 52A9AB6425AFEF66008434FF /* StreamCast.xcdatamodeld */; };
		52A9AB7C25AFEF67008434FF /* StreamCastApp.swift in Sources */ = {isa = PBXBuildFile; fileRef = 52A9AB6625AFEF66008434FF /* StreamCastApp.swift */; };
		52A9AB7D25AFEF67008434FF /* StreamCastApp.swift in Sources */ = {isa = PBXBuildFile; fileRef = 52A9AB6625AFEF66008434FF /* StreamCastApp.swift */; };
		52A9AB7E25AFEF67008434FF /* ContentView.swift in Sources */ = {isa = PBXBuildFile; fileRef = 52A9AB6725AFEF66008434FF /* ContentView.swift */; };
		52A9AB7F25AFEF67008434FF /* ContentView.swift in Sources */ = {isa = PBXBuildFile; fileRef = 52A9AB6725AFEF66008434FF /* ContentView.swift */; };
		52A9AB8025AFEF67008434FF /* Persistence.swift in Sources */ = {isa = PBXBuildFile; fileRef = 52A9AB6825AFEF66008434FF /* Persistence.swift */; };
		52A9AB8125AFEF67008434FF /* Persistence.swift in Sources */ = {isa = PBXBuildFile; fileRef = 52A9AB6825AFEF66008434FF /* Persistence.swift */; };
		52A9AB8225AFEF67008434FF /* Assets.xcassets in Resources */ = {isa = PBXBuildFile; fileRef = 52A9AB6925AFEF67008434FF /* Assets.xcassets */; };
		52A9AB8325AFEF67008434FF /* Assets.xcassets in Resources */ = {isa = PBXBuildFile; fileRef = 52A9AB6925AFEF67008434FF /* Assets.xcassets */; };
		52A9AB9F25AFF02F008434FF /* StreamCastApp.swift in Sources */ = {isa = PBXBuildFile; fileRef = 52A9AB9E25AFF02F008434FF /* StreamCastApp.swift */; };
		52A9ABA125AFF02F008434FF /* ContentView.swift in Sources */ = {isa = PBXBuildFile; fileRef = 52A9ABA025AFF02F008434FF /* ContentView.swift */; };
		52A9ABA325AFF02F008434FF /* NotificationController.swift in Sources */ = {isa = PBXBuildFile; fileRef = 52A9ABA225AFF02F008434FF /* NotificationController.swift */; };
		52A9ABA525AFF02F008434FF /* NotificationView.swift in Sources */ = {isa = PBXBuildFile; fileRef = 52A9ABA425AFF02F008434FF /* NotificationView.swift */; };
		52A9ABA725AFF02F008434FF /* ComplicationController.swift in Sources */ = {isa = PBXBuildFile; fileRef = 52A9ABA625AFF02F008434FF /* ComplicationController.swift */; };
		52A9ABAC25AFF030008434FF /* Preview Assets.xcassets in Resources */ = {isa = PBXBuildFile; fileRef = 52A9ABAB25AFF030008434FF /* Preview Assets.xcassets */; };
		52A9ABB125AFF030008434FF /* WatchOS.app in Embed Watch Content */ = {isa = PBXBuildFile; fileRef = 52A9AB9025AFF02E008434FF /* WatchOS.app */; settings = {ATTRIBUTES = (RemoveHeadersOnCopy, ); }; };
		52A9AC0025AFFFDC008434FF /* Assets.xcassets in Resources */ = {isa = PBXBuildFile; fileRef = 52A9AB6925AFEF67008434FF /* Assets.xcassets */; };
		8D8B229B2933449E0035D5F3 /* ConfigParser.swift in Sources */ = {isa = PBXBuildFile; fileRef = 8D8B229A2933449E0035D5F3 /* ConfigParser.swift */; };
		8D8B229C2933449E0035D5F3 /* ConfigParser.swift in Sources */ = {isa = PBXBuildFile; fileRef = 8D8B229A2933449E0035D5F3 /* ConfigParser.swift */; };
		8D8B229D2933449E0035D5F3 /* ConfigParser.swift in Sources */ = {isa = PBXBuildFile; fileRef = 8D8B229A2933449E0035D5F3 /* ConfigParser.swift */; };
		8D8B22AE293345AA0035D5F3 /* String+.swift in Sources */ = {isa = PBXBuildFile; fileRef = 8D8B229F293345A90035D5F3 /* String+.swift */; };
		8D8B22AF293345AA0035D5F3 /* String+.swift in Sources */ = {isa = PBXBuildFile; fileRef = 8D8B229F293345A90035D5F3 /* String+.swift */; };
		8D8B22B0293345AA0035D5F3 /* String+.swift in Sources */ = {isa = PBXBuildFile; fileRef = 8D8B229F293345A90035D5F3 /* String+.swift */; };
		8D8B22B1293345AA0035D5F3 /* Date+.swift in Sources */ = {isa = PBXBuildFile; fileRef = 8D8B22A0293345A90035D5F3 /* Date+.swift */; };
		8D8B22B2293345AA0035D5F3 /* Date+.swift in Sources */ = {isa = PBXBuildFile; fileRef = 8D8B22A0293345A90035D5F3 /* Date+.swift */; };
		8D8B22B3293345AA0035D5F3 /* Date+.swift in Sources */ = {isa = PBXBuildFile; fileRef = 8D8B22A0293345A90035D5F3 /* Date+.swift */; };
		8D8B22B4293345AA0035D5F3 /* GenreViewModel.swift in Sources */ = {isa = PBXBuildFile; fileRef = 8D8B22A2293345A90035D5F3 /* GenreViewModel.swift */; };
		8D8B22B5293345AA0035D5F3 /* GenreViewModel.swift in Sources */ = {isa = PBXBuildFile; fileRef = 8D8B22A2293345A90035D5F3 /* GenreViewModel.swift */; };
		8D8B22B6293345AA0035D5F3 /* GenreViewModel.swift in Sources */ = {isa = PBXBuildFile; fileRef = 8D8B22A2293345A90035D5F3 /* GenreViewModel.swift */; };
		8D8B22B7293345AA0035D5F3 /* PodcastViewModel.swift in Sources */ = {isa = PBXBuildFile; fileRef = 8D8B22A3293345A90035D5F3 /* PodcastViewModel.swift */; };
		8D8B22B8293345AA0035D5F3 /* PodcastViewModel.swift in Sources */ = {isa = PBXBuildFile; fileRef = 8D8B22A3293345A90035D5F3 /* PodcastViewModel.swift */; };
		8D8B22B9293345AA0035D5F3 /* PodcastViewModel.swift in Sources */ = {isa = PBXBuildFile; fileRef = 8D8B22A3293345A90035D5F3 /* PodcastViewModel.swift */; };
		8D8B22BA293345AA0035D5F3 /* EpisodeViewModel.swift in Sources */ = {isa = PBXBuildFile; fileRef = 8D8B22A4293345A90035D5F3 /* EpisodeViewModel.swift */; };
		8D8B22BB293345AA0035D5F3 /* EpisodeViewModel.swift in Sources */ = {isa = PBXBuildFile; fileRef = 8D8B22A4293345A90035D5F3 /* EpisodeViewModel.swift */; };
		8D8B22BC293345AA0035D5F3 /* EpisodeViewModel.swift in Sources */ = {isa = PBXBuildFile; fileRef = 8D8B22A4293345A90035D5F3 /* EpisodeViewModel.swift */; };
		8D8B22BD293345AA0035D5F3 /* Genre.swift in Sources */ = {isa = PBXBuildFile; fileRef = 8D8B22A6293345A90035D5F3 /* Genre.swift */; };
		8D8B22BE293345AA0035D5F3 /* Genre.swift in Sources */ = {isa = PBXBuildFile; fileRef = 8D8B22A6293345A90035D5F3 /* Genre.swift */; };
		8D8B22BF293345AA0035D5F3 /* Genre.swift in Sources */ = {isa = PBXBuildFile; fileRef = 8D8B22A6293345A90035D5F3 /* Genre.swift */; };
		8D8B22C0293345AA0035D5F3 /* Podcast.swift in Sources */ = {isa = PBXBuildFile; fileRef = 8D8B22A7293345A90035D5F3 /* Podcast.swift */; };
		8D8B22C1293345AA0035D5F3 /* Podcast.swift in Sources */ = {isa = PBXBuildFile; fileRef = 8D8B22A7293345A90035D5F3 /* Podcast.swift */; };
		8D8B22C2293345AA0035D5F3 /* Podcast.swift in Sources */ = {isa = PBXBuildFile; fileRef = 8D8B22A7293345A90035D5F3 /* Podcast.swift */; };
		8D8B22C3293345AA0035D5F3 /* ApiService.swift in Sources */ = {isa = PBXBuildFile; fileRef = 8D8B22A9293345AA0035D5F3 /* ApiService.swift */; };
		8D8B22C4293345AA0035D5F3 /* ApiService.swift in Sources */ = {isa = PBXBuildFile; fileRef = 8D8B22A9293345AA0035D5F3 /* ApiService.swift */; };
		8D8B22C5293345AA0035D5F3 /* ApiService.swift in Sources */ = {isa = PBXBuildFile; fileRef = 8D8B22A9293345AA0035D5F3 /* ApiService.swift */; };
		8D8B22C6293345AA0035D5F3 /* ApiServiceProtocol.swift in Sources */ = {isa = PBXBuildFile; fileRef = 8D8B22AA293345AA0035D5F3 /* ApiServiceProtocol.swift */; };
		8D8B22C7293345AA0035D5F3 /* ApiServiceProtocol.swift in Sources */ = {isa = PBXBuildFile; fileRef = 8D8B22AA293345AA0035D5F3 /* ApiServiceProtocol.swift */; };
		8D8B22C8293345AA0035D5F3 /* ApiServiceProtocol.swift in Sources */ = {isa = PBXBuildFile; fileRef = 8D8B22AA293345AA0035D5F3 /* ApiServiceProtocol.swift */; };
		8D8B22C9293345AA0035D5F3 /* InternetMonitor.swift in Sources */ = {isa = PBXBuildFile; fileRef = 8D8B22AB293345AA0035D5F3 /* InternetMonitor.swift */; };
		8D8B22CA293345AA0035D5F3 /* InternetMonitor.swift in Sources */ = {isa = PBXBuildFile; fileRef = 8D8B22AB293345AA0035D5F3 /* InternetMonitor.swift */; };
		8D8B22CB293345AA0035D5F3 /* InternetMonitor.swift in Sources */ = {isa = PBXBuildFile; fileRef = 8D8B22AB293345AA0035D5F3 /* InternetMonitor.swift */; };
		8D8B22CC293345AA0035D5F3 /* genres.json in Resources */ = {isa = PBXBuildFile; fileRef = 8D8B22AD293345AA0035D5F3 /* genres.json */; };
		8D8B22CD293345AA0035D5F3 /* genres.json in Resources */ = {isa = PBXBuildFile; fileRef = 8D8B22AD293345AA0035D5F3 /* genres.json */; };
		8D8B22CE293345AA0035D5F3 /* genres.json in Resources */ = {isa = PBXBuildFile; fileRef = 8D8B22AD293345AA0035D5F3 /* genres.json */; };
		8D8B22D0293347D30035D5F3 /* FeedKit in Frameworks */ = {isa = PBXBuildFile; productRef = 8D8B22CF293347D30035D5F3 /* FeedKit */; };
		8D97CC6E2930B4F600668E94 /* .swiftlint.yml in Resources */ = {isa = PBXBuildFile; fileRef = 8D97CC6D2930B4F600668E94 /* .swiftlint.yml */; };
		8D97CC6F2930B4F600668E94 /* .swiftlint.yml in Resources */ = {isa = PBXBuildFile; fileRef = 8D97CC6D2930B4F600668E94 /* .swiftlint.yml */; };
		8D97CC702930B4F600668E94 /* .swiftlint.yml in Resources */ = {isa = PBXBuildFile; fileRef = 8D97CC6D2930B4F600668E94 /* .swiftlint.yml */; };
		8D97CC732930BA4F00668E94 /* FeedKit in Frameworks */ = {isa = PBXBuildFile; productRef = 8D97CC722930BA4F00668E94 /* FeedKit */; };
		8DE64C59293640F6005EB456 /* Log.swift in Sources */ = {isa = PBXBuildFile; fileRef = 8DE64C58293640F6005EB456 /* Log.swift */; };
		8DE64C5A293640F6005EB456 /* Log.swift in Sources */ = {isa = PBXBuildFile; fileRef = 8DE64C58293640F6005EB456 /* Log.swift */; };
		8DE64C5B293640F6005EB456 /* Log.swift in Sources */ = {isa = PBXBuildFile; fileRef = 8DE64C58293640F6005EB456 /* Log.swift */; };
		8DE64C5E29364159005EB456 /* Action.swift in Sources */ = {isa = PBXBuildFile; fileRef = 8DE64C5D29364159005EB456 /* Action.swift */; };
		8DE64C5F29364159005EB456 /* Action.swift in Sources */ = {isa = PBXBuildFile; fileRef = 8DE64C5D29364159005EB456 /* Action.swift */; };
		8DE64C6029364159005EB456 /* Action.swift in Sources */ = {isa = PBXBuildFile; fileRef = 8DE64C5D29364159005EB456 /* Action.swift */; };
		8DE64C62293641AF005EB456 /* GlobalState.swift in Sources */ = {isa = PBXBuildFile; fileRef = 8DE64C61293641AF005EB456 /* GlobalState.swift */; };
		8DE64C63293641AF005EB456 /* GlobalState.swift in Sources */ = {isa = PBXBuildFile; fileRef = 8DE64C61293641AF005EB456 /* GlobalState.swift */; };
		8DE64C64293641AF005EB456 /* GlobalState.swift in Sources */ = {isa = PBXBuildFile; fileRef = 8DE64C61293641AF005EB456 /* GlobalState.swift */; };
		8DE64C662936426D005EB456 /* AppEnvironment.swift in Sources */ = {isa = PBXBuildFile; fileRef = 8DE64C652936426D005EB456 /* AppEnvironment.swift */; };
		8DE64C672936426D005EB456 /* AppEnvironment.swift in Sources */ = {isa = PBXBuildFile; fileRef = 8DE64C652936426D005EB456 /* AppEnvironment.swift */; };
		8DE64C682936426D005EB456 /* AppEnvironment.swift in Sources */ = {isa = PBXBuildFile; fileRef = 8DE64C652936426D005EB456 /* AppEnvironment.swift */; };
		8DE64C6A29364295005EB456 /* ApiReducer.swift in Sources */ = {isa = PBXBuildFile; fileRef = 8DE64C6929364295005EB456 /* ApiReducer.swift */; };
		8DE64C6B29364295005EB456 /* ApiReducer.swift in Sources */ = {isa = PBXBuildFile; fileRef = 8DE64C6929364295005EB456 /* ApiReducer.swift */; };
		8DE64C6C29364295005EB456 /* ApiReducer.swift in Sources */ = {isa = PBXBuildFile; fileRef = 8DE64C6929364295005EB456 /* ApiReducer.swift */; };
		8DE64C6E29364340005EB456 /* Store.swift in Sources */ = {isa = PBXBuildFile; fileRef = 8DE64C6D29364340005EB456 /* Store.swift */; };
		8DE64C6F29364340005EB456 /* Store.swift in Sources */ = {isa = PBXBuildFile; fileRef = 8DE64C6D29364340005EB456 /* Store.swift */; };
		8DE64C7029364340005EB456 /* Store.swift in Sources */ = {isa = PBXBuildFile; fileRef = 8DE64C6D29364340005EB456 /* Store.swift */; };
/* End PBXBuildFile section */

/* Begin PBXContainerItemProxy section */
		52A9ABAF25AFF030008434FF /* PBXContainerItemProxy */ = {
			isa = PBXContainerItemProxy;
			containerPortal = 52A9AB5F25AFEF66008434FF /* Project object */;
			proxyType = 1;
			remoteGlobalIDString = 52A9AB8F25AFF02E008434FF;
			remoteInfo = WatchOS;
		};
/* End PBXContainerItemProxy section */

/* Begin PBXCopyFilesBuildPhase section */
		52A9ABB925AFF030008434FF /* Embed Watch Content */ = {
			isa = PBXCopyFilesBuildPhase;
			buildActionMask = 2147483647;
			dstPath = "$(CONTENTS_FOLDER_PATH)/Watch";
			dstSubfolderSpec = 16;
			files = (
				52A9ABB125AFF030008434FF /* WatchOS.app in Embed Watch Content */,
			);
			name = "Embed Watch Content";
			runOnlyForDeploymentPostprocessing = 0;
		};
/* End PBXCopyFilesBuildPhase section */

/* Begin PBXFileReference section */
		52A9AB6525AFEF66008434FF /* Shared.xcdatamodel */ = {isa = PBXFileReference; lastKnownFileType = wrapper.xcdatamodel; path = Shared.xcdatamodel; sourceTree = "<group>"; };
		52A9AB6625AFEF66008434FF /* StreamCastApp.swift */ = {isa = PBXFileReference; lastKnownFileType = sourcecode.swift; path = StreamCastApp.swift; sourceTree = "<group>"; };
		52A9AB6725AFEF66008434FF /* ContentView.swift */ = {isa = PBXFileReference; lastKnownFileType = sourcecode.swift; path = ContentView.swift; sourceTree = "<group>"; };
		52A9AB6825AFEF66008434FF /* Persistence.swift */ = {isa = PBXFileReference; lastKnownFileType = sourcecode.swift; path = Persistence.swift; sourceTree = "<group>"; };
		52A9AB6925AFEF67008434FF /* Assets.xcassets */ = {isa = PBXFileReference; lastKnownFileType = folder.assetcatalog; path = Assets.xcassets; sourceTree = "<group>"; };
		52A9AB6E25AFEF67008434FF /* Suno.app */ = {isa = PBXFileReference; explicitFileType = wrapper.application; includeInIndex = 0; path = Suno.app; sourceTree = BUILT_PRODUCTS_DIR; };
		52A9AB7125AFEF67008434FF /* Info.plist */ = {isa = PBXFileReference; lastKnownFileType = text.plist.xml; path = Info.plist; sourceTree = "<group>"; };
		52A9AB7625AFEF67008434FF /* Suno.app */ = {isa = PBXFileReference; explicitFileType = wrapper.application; includeInIndex = 0; path = Suno.app; sourceTree = BUILT_PRODUCTS_DIR; };
		52A9AB7825AFEF67008434FF /* Info.plist */ = {isa = PBXFileReference; lastKnownFileType = text.plist.xml; path = Info.plist; sourceTree = "<group>"; };
		52A9AB7925AFEF67008434FF /* macOS.entitlements */ = {isa = PBXFileReference; lastKnownFileType = text.plist.entitlements; path = macOS.entitlements; sourceTree = "<group>"; };
		52A9AB9025AFF02E008434FF /* WatchOS.app */ = {isa = PBXFileReference; explicitFileType = wrapper.application; includeInIndex = 0; path = WatchOS.app; sourceTree = BUILT_PRODUCTS_DIR; };
		52A9AB9225AFF02F008434FF /* Assets.xcassets */ = {isa = PBXFileReference; lastKnownFileType = folder.assetcatalog; path = Assets.xcassets; sourceTree = "<group>"; };
		52A9AB9425AFF02F008434FF /* Info.plist */ = {isa = PBXFileReference; lastKnownFileType = text.plist.xml; path = Info.plist; sourceTree = "<group>"; };
		52A9AB9E25AFF02F008434FF /* StreamCastApp.swift */ = {isa = PBXFileReference; lastKnownFileType = sourcecode.swift; path = StreamCastApp.swift; sourceTree = "<group>"; };
		52A9ABA025AFF02F008434FF /* ContentView.swift */ = {isa = PBXFileReference; lastKnownFileType = sourcecode.swift; path = ContentView.swift; sourceTree = "<group>"; };
		52A9ABA225AFF02F008434FF /* NotificationController.swift */ = {isa = PBXFileReference; lastKnownFileType = sourcecode.swift; path = NotificationController.swift; sourceTree = "<group>"; };
		52A9ABA425AFF02F008434FF /* NotificationView.swift */ = {isa = PBXFileReference; lastKnownFileType = sourcecode.swift; path = NotificationView.swift; sourceTree = "<group>"; };
		52A9ABA625AFF02F008434FF /* ComplicationController.swift */ = {isa = PBXFileReference; lastKnownFileType = sourcecode.swift; path = ComplicationController.swift; sourceTree = "<group>"; };
		52A9ABA825AFF030008434FF /* Assets.xcassets */ = {isa = PBXFileReference; lastKnownFileType = folder.assetcatalog; path = Assets.xcassets; sourceTree = "<group>"; };
		52A9ABAB25AFF030008434FF /* Preview Assets.xcassets */ = {isa = PBXFileReference; lastKnownFileType = folder.assetcatalog; path = "Preview Assets.xcassets"; sourceTree = "<group>"; };
		52A9ABAD25AFF030008434FF /* Info.plist */ = {isa = PBXFileReference; lastKnownFileType = text.plist.xml; path = Info.plist; sourceTree = "<group>"; };
		52A9ABAE25AFF030008434FF /* PushNotificationPayload.apns */ = {isa = PBXFileReference; lastKnownFileType = text; path = PushNotificationPayload.apns; sourceTree = "<group>"; };
		52A9ABDC25AFFC8A008434FF /* Development.xcconfig */ = {isa = PBXFileReference; lastKnownFileType = text.xcconfig; path = Development.xcconfig; sourceTree = "<group>"; };
		52A9ABE525AFFCA6008434FF /* Staging.xcconfig */ = {isa = PBXFileReference; lastKnownFileType = text.xcconfig; path = Staging.xcconfig; sourceTree = "<group>"; };
		52A9ABEE25AFFCBF008434FF /* Production.xcconfig */ = {isa = PBXFileReference; lastKnownFileType = text.xcconfig; path = Production.xcconfig; sourceTree = "<group>"; };
		8D8B229A2933449E0035D5F3 /* ConfigParser.swift */ = {isa = PBXFileReference; fileEncoding = 4; lastKnownFileType = sourcecode.swift; path = ConfigParser.swift; sourceTree = "<group>"; };
		8D8B229F293345A90035D5F3 /* String+.swift */ = {isa = PBXFileReference; fileEncoding = 4; lastKnownFileType = sourcecode.swift; path = "String+.swift"; sourceTree = "<group>"; };
		8D8B22A0293345A90035D5F3 /* Date+.swift */ = {isa = PBXFileReference; fileEncoding = 4; lastKnownFileType = sourcecode.swift; path = "Date+.swift"; sourceTree = "<group>"; };
		8D8B22A2293345A90035D5F3 /* GenreViewModel.swift */ = {isa = PBXFileReference; fileEncoding = 4; lastKnownFileType = sourcecode.swift; path = GenreViewModel.swift; sourceTree = "<group>"; };
		8D8B22A3293345A90035D5F3 /* PodcastViewModel.swift */ = {isa = PBXFileReference; fileEncoding = 4; lastKnownFileType = sourcecode.swift; path = PodcastViewModel.swift; sourceTree = "<group>"; };
		8D8B22A4293345A90035D5F3 /* EpisodeViewModel.swift */ = {isa = PBXFileReference; fileEncoding = 4; lastKnownFileType = sourcecode.swift; path = EpisodeViewModel.swift; sourceTree = "<group>"; };
		8D8B22A6293345A90035D5F3 /* Genre.swift */ = {isa = PBXFileReference; fileEncoding = 4; lastKnownFileType = sourcecode.swift; path = Genre.swift; sourceTree = "<group>"; };
		8D8B22A7293345A90035D5F3 /* Podcast.swift */ = {isa = PBXFileReference; fileEncoding = 4; lastKnownFileType = sourcecode.swift; path = Podcast.swift; sourceTree = "<group>"; };
		8D8B22A9293345AA0035D5F3 /* ApiService.swift */ = {isa = PBXFileReference; fileEncoding = 4; lastKnownFileType = sourcecode.swift; path = ApiService.swift; sourceTree = "<group>"; };
		8D8B22AA293345AA0035D5F3 /* ApiServiceProtocol.swift */ = {isa = PBXFileReference; fileEncoding = 4; lastKnownFileType = sourcecode.swift; path = ApiServiceProtocol.swift; sourceTree = "<group>"; };
		8D8B22AB293345AA0035D5F3 /* InternetMonitor.swift */ = {isa = PBXFileReference; fileEncoding = 4; lastKnownFileType = sourcecode.swift; path = InternetMonitor.swift; sourceTree = "<group>"; };
		8D8B22AD293345AA0035D5F3 /* genres.json */ = {isa = PBXFileReference; fileEncoding = 4; lastKnownFileType = text.json; path = genres.json; sourceTree = "<group>"; };
		8D97CC6D2930B4F600668E94 /* .swiftlint.yml */ = {isa = PBXFileReference; lastKnownFileType = text.yaml; path = .swiftlint.yml; sourceTree = "<group>"; };
		8DE64C58293640F6005EB456 /* Log.swift */ = {isa = PBXFileReference; lastKnownFileType = sourcecode.swift; path = Log.swift; sourceTree = "<group>"; };
		8DE64C5D29364159005EB456 /* Action.swift */ = {isa = PBXFileReference; lastKnownFileType = sourcecode.swift; path = Action.swift; sourceTree = "<group>"; };
		8DE64C61293641AF005EB456 /* GlobalState.swift */ = {isa = PBXFileReference; lastKnownFileType = sourcecode.swift; path = GlobalState.swift; sourceTree = "<group>"; };
		8DE64C652936426D005EB456 /* AppEnvironment.swift */ = {isa = PBXFileReference; lastKnownFileType = sourcecode.swift; path = AppEnvironment.swift; sourceTree = "<group>"; };
		8DE64C6929364295005EB456 /* ApiReducer.swift */ = {isa = PBXFileReference; lastKnownFileType = sourcecode.swift; path = ApiReducer.swift; sourceTree = "<group>"; };
		8DE64C6D29364340005EB456 /* Store.swift */ = {isa = PBXFileReference; lastKnownFileType = sourcecode.swift; path = Store.swift; sourceTree = "<group>"; };
/* End PBXFileReference section */

/* Begin PBXFrameworksBuildPhase section */
		52A9AB6B25AFEF67008434FF /* Frameworks */ = {
			isa = PBXFrameworksBuildPhase;
			buildActionMask = 2147483647;
			files = (
				8D97CC732930BA4F00668E94 /* FeedKit in Frameworks */,
			);
			runOnlyForDeploymentPostprocessing = 0;
		};
		52A9AB7325AFEF67008434FF /* Frameworks */ = {
			isa = PBXFrameworksBuildPhase;
			buildActionMask = 2147483647;
			files = (
			);
			runOnlyForDeploymentPostprocessing = 0;
		};
		52A9AB9625AFF02F008434FF /* Frameworks */ = {
			isa = PBXFrameworksBuildPhase;
			buildActionMask = 2147483647;
			files = (
				8D8B22D0293347D30035D5F3 /* FeedKit in Frameworks */,
			);
			runOnlyForDeploymentPostprocessing = 0;
		};
/* End PBXFrameworksBuildPhase section */

/* Begin PBXGroup section */
		52A9AB5E25AFEF66008434FF = {
			isa = PBXGroup;
			children = (
				8D97CC6D2930B4F600668E94 /* .swiftlint.yml */,
				52A9AB6325AFEF66008434FF /* Shared */,
				52A9AB7025AFEF67008434FF /* iOS */,
				52A9AB7725AFEF67008434FF /* macOS */,
				52A9AB9125AFF02E008434FF /* WatchOS */,
				52A9AB9D25AFF02F008434FF /* WatchOS Extension */,
				52A9AB6F25AFEF67008434FF /* Products */,
				8D97CC742930BDD900668E94 /* Frameworks */,
			);
			sourceTree = "<group>";
		};
		52A9AB6325AFEF66008434FF /* Shared */ = {
			isa = PBXGroup;
			children = (
				8DE64C5C29364146005EB456 /* Store */,
				8DE64C57293640D9005EB456 /* Utils */,
				8D8B229E293345A90035D5F3 /* Extensions */,
				8D8B22A5293345A90035D5F3 /* Models */,
				8D8B22A8293345AA0035D5F3 /* Networking */,
				8D8B22AC293345AA0035D5F3 /* Static */,
				8D8B22A1293345A90035D5F3 /* ViewModels */,
				52A9ABDB25AFFC59008434FF /* Configs */,
				52A9AB6625AFEF66008434FF /* StreamCastApp.swift */,
				52A9AB6725AFEF66008434FF /* ContentView.swift */,
				52A9AB6825AFEF66008434FF /* Persistence.swift */,
				52A9AB6925AFEF67008434FF /* Assets.xcassets */,
				52A9AB6425AFEF66008434FF /* StreamCast.xcdatamodeld */,
			);
			path = Shared;
			sourceTree = "<group>";
		};
		52A9AB6F25AFEF67008434FF /* Products */ = {
			isa = PBXGroup;
			children = (
				52A9AB6E25AFEF67008434FF /* Suno.app */,
				52A9AB7625AFEF67008434FF /* Suno.app */,
				52A9AB9025AFF02E008434FF /* WatchOS.app */,
			);
			name = Products;
			sourceTree = "<group>";
		};
		52A9AB7025AFEF67008434FF /* iOS */ = {
			isa = PBXGroup;
			children = (
				52A9AB7125AFEF67008434FF /* Info.plist */,
			);
			path = iOS;
			sourceTree = "<group>";
		};
		52A9AB7725AFEF67008434FF /* macOS */ = {
			isa = PBXGroup;
			children = (
				52A9AB7825AFEF67008434FF /* Info.plist */,
				52A9AB7925AFEF67008434FF /* macOS.entitlements */,
			);
			path = macOS;
			sourceTree = "<group>";
		};
		52A9AB9125AFF02E008434FF /* WatchOS */ = {
			isa = PBXGroup;
			children = (
				52A9AB9225AFF02F008434FF /* Assets.xcassets */,
				52A9AB9425AFF02F008434FF /* Info.plist */,
			);
			path = WatchOS;
			sourceTree = "<group>";
		};
		52A9AB9D25AFF02F008434FF /* WatchOS Extension */ = {
			isa = PBXGroup;
			children = (
				52A9AB9E25AFF02F008434FF /* StreamCastApp.swift */,
				52A9ABA025AFF02F008434FF /* ContentView.swift */,
				52A9ABA225AFF02F008434FF /* NotificationController.swift */,
				52A9ABA425AFF02F008434FF /* NotificationView.swift */,
				52A9ABA625AFF02F008434FF /* ComplicationController.swift */,
				52A9ABA825AFF030008434FF /* Assets.xcassets */,
				52A9ABAD25AFF030008434FF /* Info.plist */,
				52A9ABAE25AFF030008434FF /* PushNotificationPayload.apns */,
				52A9ABAA25AFF030008434FF /* Preview Content */,
			);
			path = "WatchOS Extension";
			sourceTree = "<group>";
		};
		52A9ABAA25AFF030008434FF /* Preview Content */ = {
			isa = PBXGroup;
			children = (
				52A9ABAB25AFF030008434FF /* Preview Assets.xcassets */,
			);
			path = "Preview Content";
			sourceTree = "<group>";
		};
		52A9ABDB25AFFC59008434FF /* Configs */ = {
			isa = PBXGroup;
			children = (
				8D8B229A2933449E0035D5F3 /* ConfigParser.swift */,
				52A9ABDC25AFFC8A008434FF /* Development.xcconfig */,
				52A9ABE525AFFCA6008434FF /* Staging.xcconfig */,
				52A9ABEE25AFFCBF008434FF /* Production.xcconfig */,
			);
			path = Configs;
			sourceTree = "<group>";
		};
		8D8B229E293345A90035D5F3 /* Extensions */ = {
			isa = PBXGroup;
			children = (
				8D8B229F293345A90035D5F3 /* String+.swift */,
				8D8B22A0293345A90035D5F3 /* Date+.swift */,
			);
			path = Extensions;
			sourceTree = "<group>";
		};
		8D8B22A1293345A90035D5F3 /* ViewModels */ = {
			isa = PBXGroup;
			children = (
				8D8B22A2293345A90035D5F3 /* GenreViewModel.swift */,
				8D8B22A3293345A90035D5F3 /* PodcastViewModel.swift */,
				8D8B22A4293345A90035D5F3 /* EpisodeViewModel.swift */,
			);
			path = ViewModels;
			sourceTree = "<group>";
		};
		8D8B22A5293345A90035D5F3 /* Models */ = {
			isa = PBXGroup;
			children = (
				8D8B22A6293345A90035D5F3 /* Genre.swift */,
				8D8B22A7293345A90035D5F3 /* Podcast.swift */,
			);
			path = Models;
			sourceTree = "<group>";
		};
		8D8B22A8293345AA0035D5F3 /* Networking */ = {
			isa = PBXGroup;
			children = (
				8D8B22A9293345AA0035D5F3 /* ApiService.swift */,
				8D8B22AA293345AA0035D5F3 /* ApiServiceProtocol.swift */,
				8D8B22AB293345AA0035D5F3 /* InternetMonitor.swift */,
			);
			path = Networking;
			sourceTree = "<group>";
		};
		8D8B22AC293345AA0035D5F3 /* Static */ = {
			isa = PBXGroup;
			children = (
				8D8B22AD293345AA0035D5F3 /* genres.json */,
			);
			path = Static;
			sourceTree = "<group>";
		};
		8D97CC742930BDD900668E94 /* Frameworks */ = {
			isa = PBXGroup;
			children = (
			);
			name = Frameworks;
			sourceTree = "<group>";
		};
		8DE64C57293640D9005EB456 /* Utils */ = {
			isa = PBXGroup;
			children = (
				8DE64C58293640F6005EB456 /* Log.swift */,
			);
			path = Utils;
			sourceTree = "<group>";
		};
		8DE64C5C29364146005EB456 /* Store */ = {
			isa = PBXGroup;
			children = (
				8DE64C5D29364159005EB456 /* Action.swift */,
				8DE64C61293641AF005EB456 /* GlobalState.swift */,
				8DE64C652936426D005EB456 /* AppEnvironment.swift */,
				8DE64C6929364295005EB456 /* ApiReducer.swift */,
				8DE64C6D29364340005EB456 /* Store.swift */,
			);
			path = Store;
			sourceTree = "<group>";
		};
/* End PBXGroup section */

/* Begin PBXNativeTarget section */
		52A9AB6D25AFEF67008434FF /* StreamCast (iOS) */ = {
			isa = PBXNativeTarget;
			buildConfigurationList = 52A9AB8625AFEF67008434FF /* Build configuration list for PBXNativeTarget "StreamCast (iOS)" */;
			buildPhases = (
				52A9AB6A25AFEF67008434FF /* Sources */,
				52A9AB6B25AFEF67008434FF /* Frameworks */,
				52A9AB6C25AFEF67008434FF /* Resources */,
				52A9ABB925AFF030008434FF /* Embed Watch Content */,
				8D97CC6C2930B44E00668E94 /* ShellScript */,
			);
			buildRules = (
			);
			dependencies = (
				52A9ABB025AFF030008434FF /* PBXTargetDependency */,
			);
			name = "StreamCast (iOS)";
			packageProductDependencies = (
				8D97CC722930BA4F00668E94 /* FeedKit */,
			);
			productName = "StreamCast (iOS)";
			productReference = 52A9AB6E25AFEF67008434FF /* Suno.app */;
			productType = "com.apple.product-type.application";
		};
		52A9AB7525AFEF67008434FF /* StreamCast (macOS) */ = {
			isa = PBXNativeTarget;
			buildConfigurationList = 52A9AB8925AFEF67008434FF /* Build configuration list for PBXNativeTarget "StreamCast (macOS)" */;
			buildPhases = (
				52A9AB7225AFEF67008434FF /* Sources */,
				52A9AB7325AFEF67008434FF /* Frameworks */,
				52A9AB7425AFEF67008434FF /* Resources */,
			);
			buildRules = (
			);
			dependencies = (
			);
			name = "StreamCast (macOS)";
			packageProductDependencies = (
			);
			productName = "StreamCast (macOS)";
			productReference = 52A9AB7625AFEF67008434FF /* Suno.app */;
			productType = "com.apple.product-type.application";
		};
		52A9AB8F25AFF02E008434FF /* WatchOS */ = {
			isa = PBXNativeTarget;
			buildConfigurationList = 52A9ABB625AFF030008434FF /* Build configuration list for PBXNativeTarget "WatchOS" */;
			buildPhases = (
				52A9AB8E25AFF02E008434FF /* Resources */,
				52A9AB9525AFF02F008434FF /* Sources */,
				52A9AB9625AFF02F008434FF /* Frameworks */,
			);
			buildRules = (
			);
			dependencies = (
			);
			name = WatchOS;
			packageProductDependencies = (
				8D8B22CF293347D30035D5F3 /* FeedKit */,
			);
			productName = WatchOS;
			productReference = 52A9AB9025AFF02E008434FF /* WatchOS.app */;
			productType = "com.apple.product-type.application";
		};
/* End PBXNativeTarget section */

/* Begin PBXProject section */
		52A9AB5F25AFEF66008434FF /* Project object */ = {
			isa = PBXProject;
			attributes = {
				LastSwiftUpdateCheck = 1230;
				LastUpgradeCheck = 1410;
				TargetAttributes = {
					52A9AB6D25AFEF67008434FF = {
						CreatedOnToolsVersion = 12.3;
					};
					52A9AB7525AFEF67008434FF = {
						CreatedOnToolsVersion = 12.3;
					};
					52A9AB8F25AFF02E008434FF = {
						CreatedOnToolsVersion = 12.3;
					};
				};
			};
			buildConfigurationList = 52A9AB6225AFEF66008434FF /* Build configuration list for PBXProject "StreamCast" */;
			compatibilityVersion = "Xcode 9.3";
			developmentRegion = en;
			hasScannedForEncodings = 0;
			knownRegions = (
				en,
				Base,
			);
			mainGroup = 52A9AB5E25AFEF66008434FF;
			packageReferences = (
				8D97CC712930BA4F00668E94 /* XCRemoteSwiftPackageReference "FeedKit" */,
			);
			productRefGroup = 52A9AB6F25AFEF67008434FF /* Products */;
			projectDirPath = "";
			projectRoot = "";
			targets = (
				52A9AB6D25AFEF67008434FF /* StreamCast (iOS) */,
				52A9AB7525AFEF67008434FF /* StreamCast (macOS) */,
				52A9AB8F25AFF02E008434FF /* WatchOS */,
			);
		};
/* End PBXProject section */

/* Begin PBXResourcesBuildPhase section */
		52A9AB6C25AFEF67008434FF /* Resources */ = {
			isa = PBXResourcesBuildPhase;
			buildActionMask = 2147483647;
			files = (
				8D97CC6E2930B4F600668E94 /* .swiftlint.yml in Resources */,
				8D8B22CC293345AA0035D5F3 /* genres.json in Resources */,
				52A9AB8225AFEF67008434FF /* Assets.xcassets in Resources */,
			);
			runOnlyForDeploymentPostprocessing = 0;
		};
		52A9AB7425AFEF67008434FF /* Resources */ = {
			isa = PBXResourcesBuildPhase;
			buildActionMask = 2147483647;
			files = (
				8D97CC6F2930B4F600668E94 /* .swiftlint.yml in Resources */,
				8D8B22CD293345AA0035D5F3 /* genres.json in Resources */,
				52A9AB8325AFEF67008434FF /* Assets.xcassets in Resources */,
			);
			runOnlyForDeploymentPostprocessing = 0;
		};
		52A9AB8E25AFF02E008434FF /* Resources */ = {
			isa = PBXResourcesBuildPhase;
			buildActionMask = 2147483647;
			files = (
				8D97CC702930B4F600668E94 /* .swiftlint.yml in Resources */,
				52A9ABAC25AFF030008434FF /* Preview Assets.xcassets in Resources */,
				52A9AC0025AFFFDC008434FF /* Assets.xcassets in Resources */,
				8D8B22CE293345AA0035D5F3 /* genres.json in Resources */,
			);
			runOnlyForDeploymentPostprocessing = 0;
		};
/* End PBXResourcesBuildPhase section */

/* Begin PBXShellScriptBuildPhase section */
		8D97CC6C2930B44E00668E94 /* ShellScript */ = {
			isa = PBXShellScriptBuildPhase;
			buildActionMask = 2147483647;
			files = (
			);
			inputFileListPaths = (
			);
			inputPaths = (
			);
			outputFileListPaths = (
			);
			outputPaths = (
			);
			runOnlyForDeploymentPostprocessing = 0;
			shellPath = /bin/sh;
			shellScript = "# Type a script or drag a script file from your workspace to insert its path.\nif which swiftlint >/dev/null; then\n  swiftlint\nelse\n  echo \"warning: SwiftLint not installed, download from https://github.com/realm/SwiftLint\"\nfi\n";
		};
/* End PBXShellScriptBuildPhase section */

/* Begin PBXSourcesBuildPhase section */
		52A9AB6A25AFEF67008434FF /* Sources */ = {
			isa = PBXSourcesBuildPhase;
			buildActionMask = 2147483647;
			files = (
				8DE64C6E29364340005EB456 /* Store.swift in Sources */,
				8D8B22B1293345AA0035D5F3 /* Date+.swift in Sources */,
				8D8B22B7293345AA0035D5F3 /* PodcastViewModel.swift in Sources */,
				8DE64C62293641AF005EB456 /* GlobalState.swift in Sources */,
				8D8B22C0293345AA0035D5F3 /* Podcast.swift in Sources */,
				8D8B22C9293345AA0035D5F3 /* InternetMonitor.swift in Sources */,
				8DE64C662936426D005EB456 /* AppEnvironment.swift in Sources */,
				52A9AB7C25AFEF67008434FF /* StreamCastApp.swift in Sources */,
				8D8B22BD293345AA0035D5F3 /* Genre.swift in Sources */,
				8DE64C59293640F6005EB456 /* Log.swift in Sources */,
				52A9AB8025AFEF67008434FF /* Persistence.swift in Sources */,
				52A9AB7A25AFEF67008434FF /* StreamCast.xcdatamodeld in Sources */,
				8DE64C5E29364159005EB456 /* Action.swift in Sources */,
				8D8B22C3293345AA0035D5F3 /* ApiService.swift in Sources */,
				8D8B22B4293345AA0035D5F3 /* GenreViewModel.swift in Sources */,
				52A9AB7E25AFEF67008434FF /* ContentView.swift in Sources */,
				8D8B22AE293345AA0035D5F3 /* String+.swift in Sources */,
				8D8B22BA293345AA0035D5F3 /* EpisodeViewModel.swift in Sources */,
				8D8B22C6293345AA0035D5F3 /* ApiServiceProtocol.swift in Sources */,
				8D8B229B2933449E0035D5F3 /* ConfigParser.swift in Sources */,
				8DE64C6A29364295005EB456 /* ApiReducer.swift in Sources */,
			);
			runOnlyForDeploymentPostprocessing = 0;
		};
		52A9AB7225AFEF67008434FF /* Sources */ = {
			isa = PBXSourcesBuildPhase;
			buildActionMask = 2147483647;
			files = (
				8DE64C6F29364340005EB456 /* Store.swift in Sources */,
				8D8B22B2293345AA0035D5F3 /* Date+.swift in Sources */,
				8D8B22B8293345AA0035D5F3 /* PodcastViewModel.swift in Sources */,
				8DE64C63293641AF005EB456 /* GlobalState.swift in Sources */,
				8D8B22C1293345AA0035D5F3 /* Podcast.swift in Sources */,
				8D8B22CA293345AA0035D5F3 /* InternetMonitor.swift in Sources */,
				8DE64C672936426D005EB456 /* AppEnvironment.swift in Sources */,
				52A9AB7D25AFEF67008434FF /* StreamCastApp.swift in Sources */,
				8D8B22BE293345AA0035D5F3 /* Genre.swift in Sources */,
				8DE64C5A293640F6005EB456 /* Log.swift in Sources */,
				52A9AB8125AFEF67008434FF /* Persistence.swift in Sources */,
				52A9AB7B25AFEF67008434FF /* StreamCast.xcdatamodeld in Sources */,
				8DE64C5F29364159005EB456 /* Action.swift in Sources */,
				8D8B22C4293345AA0035D5F3 /* ApiService.swift in Sources */,
				8D8B22B5293345AA0035D5F3 /* GenreViewModel.swift in Sources */,
				52A9AB7F25AFEF67008434FF /* ContentView.swift in Sources */,
				8D8B22AF293345AA0035D5F3 /* String+.swift in Sources */,
				8D8B22BB293345AA0035D5F3 /* EpisodeViewModel.swift in Sources */,
				8D8B22C7293345AA0035D5F3 /* ApiServiceProtocol.swift in Sources */,
				8D8B229C2933449E0035D5F3 /* ConfigParser.swift in Sources */,
				8DE64C6B29364295005EB456 /* ApiReducer.swift in Sources */,
			);
			runOnlyForDeploymentPostprocessing = 0;
		};
		52A9AB9525AFF02F008434FF /* Sources */ = {
			isa = PBXSourcesBuildPhase;
			buildActionMask = 2147483647;
			files = (
				52A9ABA325AFF02F008434FF /* NotificationController.swift in Sources */,
				8DE64C6029364159005EB456 /* Action.swift in Sources */,
				8DE64C64293641AF005EB456 /* GlobalState.swift in Sources */,
				8DE64C6C29364295005EB456 /* ApiReducer.swift in Sources */,
				8D8B22CB293345AA0035D5F3 /* InternetMonitor.swift in Sources */,
				52A9ABA125AFF02F008434FF /* ContentView.swift in Sources */,
				8DE64C682936426D005EB456 /* AppEnvironment.swift in Sources */,
				8D8B22C8293345AA0035D5F3 /* ApiServiceProtocol.swift in Sources */,
				8D8B229D2933449E0035D5F3 /* ConfigParser.swift in Sources */,
				8D8B22BF293345AA0035D5F3 /* Genre.swift in Sources */,
				8D8B22BC293345AA0035D5F3 /* EpisodeViewModel.swift in Sources */,
				52A9ABA725AFF02F008434FF /* ComplicationController.swift in Sources */,
				8DE64C5B293640F6005EB456 /* Log.swift in Sources */,
				8D8B22C2293345AA0035D5F3 /* Podcast.swift in Sources */,
				8D8B22B6293345AA0035D5F3 /* GenreViewModel.swift in Sources */,
				8D8B22B9293345AA0035D5F3 /* PodcastViewModel.swift in Sources */,
				52A9AB9F25AFF02F008434FF /* StreamCastApp.swift in Sources */,
				8DE64C7029364340005EB456 /* Store.swift in Sources */,
				8D8B22B0293345AA0035D5F3 /* String+.swift in Sources */,
				52A9ABA525AFF02F008434FF /* NotificationView.swift in Sources */,
				8D8B22C5293345AA0035D5F3 /* ApiService.swift in Sources */,
				8D8B22B3293345AA0035D5F3 /* Date+.swift in Sources */,
			);
			runOnlyForDeploymentPostprocessing = 0;
		};
/* End PBXSourcesBuildPhase section */

/* Begin PBXTargetDependency section */
		52A9ABB025AFF030008434FF /* PBXTargetDependency */ = {
			isa = PBXTargetDependency;
			target = 52A9AB8F25AFF02E008434FF /* WatchOS */;
			targetProxy = 52A9ABAF25AFF030008434FF /* PBXContainerItemProxy */;
		};
/* End PBXTargetDependency section */

/* Begin XCBuildConfiguration section */
		52A9AB8425AFEF67008434FF /* Debug */ = {
			isa = XCBuildConfiguration;
			baseConfigurationReference = 52A9ABEE25AFFCBF008434FF /* Production.xcconfig */;
			buildSettings = {
				ALWAYS_SEARCH_USER_PATHS = NO;
				CLANG_ANALYZER_NONNULL = YES;
				CLANG_ANALYZER_NUMBER_OBJECT_CONVERSION = YES_AGGRESSIVE;
				CLANG_CXX_LANGUAGE_STANDARD = "gnu++14";
				CLANG_CXX_LIBRARY = "libc++";
				CLANG_ENABLE_MODULES = YES;
				CLANG_ENABLE_OBJC_ARC = YES;
				CLANG_ENABLE_OBJC_WEAK = YES;
				CLANG_WARN_BLOCK_CAPTURE_AUTORELEASING = YES;
				CLANG_WARN_BOOL_CONVERSION = YES;
				CLANG_WARN_COMMA = YES;
				CLANG_WARN_CONSTANT_CONVERSION = YES;
				CLANG_WARN_DEPRECATED_OBJC_IMPLEMENTATIONS = YES;
				CLANG_WARN_DIRECT_OBJC_ISA_USAGE = YES_ERROR;
				CLANG_WARN_DOCUMENTATION_COMMENTS = YES;
				CLANG_WARN_EMPTY_BODY = YES;
				CLANG_WARN_ENUM_CONVERSION = YES;
				CLANG_WARN_INFINITE_RECURSION = YES;
				CLANG_WARN_INT_CONVERSION = YES;
				CLANG_WARN_NON_LITERAL_NULL_CONVERSION = YES;
				CLANG_WARN_OBJC_IMPLICIT_RETAIN_SELF = YES;
				CLANG_WARN_OBJC_LITERAL_CONVERSION = YES;
				CLANG_WARN_OBJC_ROOT_CLASS = YES_ERROR;
				CLANG_WARN_QUOTED_INCLUDE_IN_FRAMEWORK_HEADER = YES;
				CLANG_WARN_RANGE_LOOP_ANALYSIS = YES;
				CLANG_WARN_STRICT_PROTOTYPES = YES;
				CLANG_WARN_SUSPICIOUS_MOVE = YES;
				CLANG_WARN_UNGUARDED_AVAILABILITY = YES_AGGRESSIVE;
				CLANG_WARN_UNREACHABLE_CODE = YES;
				CLANG_WARN__DUPLICATE_METHOD_MATCH = YES;
				COPY_PHASE_STRIP = NO;
				DEAD_CODE_STRIPPING = YES;
				DEBUG_INFORMATION_FORMAT = dwarf;
				ENABLE_STRICT_OBJC_MSGSEND = YES;
				ENABLE_TESTABILITY = YES;
				GCC_C_LANGUAGE_STANDARD = gnu11;
				GCC_DYNAMIC_NO_PIC = NO;
				GCC_NO_COMMON_BLOCKS = YES;
				GCC_OPTIMIZATION_LEVEL = 0;
				GCC_PREPROCESSOR_DEFINITIONS = (
					"DEBUG=1",
					"$(inherited)",
				);
				GCC_WARN_64_TO_32_BIT_CONVERSION = YES;
				GCC_WARN_ABOUT_RETURN_TYPE = YES_ERROR;
				GCC_WARN_UNDECLARED_SELECTOR = YES;
				GCC_WARN_UNINITIALIZED_AUTOS = YES_AGGRESSIVE;
				GCC_WARN_UNUSED_FUNCTION = YES;
				GCC_WARN_UNUSED_VARIABLE = YES;
				MTL_ENABLE_DEBUG_INFO = INCLUDE_SOURCE;
				MTL_FAST_MATH = YES;
				ONLY_ACTIVE_ARCH = YES;
				SWIFT_ACTIVE_COMPILATION_CONDITIONS = DEBUG;
				SWIFT_OPTIMIZATION_LEVEL = "-Onone";
			};
			name = Debug;
		};
		52A9AB8525AFEF67008434FF /* Release */ = {
			isa = XCBuildConfiguration;
			baseConfigurationReference = 52A9ABEE25AFFCBF008434FF /* Production.xcconfig */;
			buildSettings = {
				ALWAYS_SEARCH_USER_PATHS = NO;
				CLANG_ANALYZER_NONNULL = YES;
				CLANG_ANALYZER_NUMBER_OBJECT_CONVERSION = YES_AGGRESSIVE;
				CLANG_CXX_LANGUAGE_STANDARD = "gnu++14";
				CLANG_CXX_LIBRARY = "libc++";
				CLANG_ENABLE_MODULES = YES;
				CLANG_ENABLE_OBJC_ARC = YES;
				CLANG_ENABLE_OBJC_WEAK = YES;
				CLANG_WARN_BLOCK_CAPTURE_AUTORELEASING = YES;
				CLANG_WARN_BOOL_CONVERSION = YES;
				CLANG_WARN_COMMA = YES;
				CLANG_WARN_CONSTANT_CONVERSION = YES;
				CLANG_WARN_DEPRECATED_OBJC_IMPLEMENTATIONS = YES;
				CLANG_WARN_DIRECT_OBJC_ISA_USAGE = YES_ERROR;
				CLANG_WARN_DOCUMENTATION_COMMENTS = YES;
				CLANG_WARN_EMPTY_BODY = YES;
				CLANG_WARN_ENUM_CONVERSION = YES;
				CLANG_WARN_INFINITE_RECURSION = YES;
				CLANG_WARN_INT_CONVERSION = YES;
				CLANG_WARN_NON_LITERAL_NULL_CONVERSION = YES;
				CLANG_WARN_OBJC_IMPLICIT_RETAIN_SELF = YES;
				CLANG_WARN_OBJC_LITERAL_CONVERSION = YES;
				CLANG_WARN_OBJC_ROOT_CLASS = YES_ERROR;
				CLANG_WARN_QUOTED_INCLUDE_IN_FRAMEWORK_HEADER = YES;
				CLANG_WARN_RANGE_LOOP_ANALYSIS = YES;
				CLANG_WARN_STRICT_PROTOTYPES = YES;
				CLANG_WARN_SUSPICIOUS_MOVE = YES;
				CLANG_WARN_UNGUARDED_AVAILABILITY = YES_AGGRESSIVE;
				CLANG_WARN_UNREACHABLE_CODE = YES;
				CLANG_WARN__DUPLICATE_METHOD_MATCH = YES;
				COPY_PHASE_STRIP = NO;
				DEAD_CODE_STRIPPING = YES;
				DEBUG_INFORMATION_FORMAT = "dwarf-with-dsym";
				ENABLE_NS_ASSERTIONS = NO;
				ENABLE_STRICT_OBJC_MSGSEND = YES;
				GCC_C_LANGUAGE_STANDARD = gnu11;
				GCC_NO_COMMON_BLOCKS = YES;
				GCC_WARN_64_TO_32_BIT_CONVERSION = YES;
				GCC_WARN_ABOUT_RETURN_TYPE = YES_ERROR;
				GCC_WARN_UNDECLARED_SELECTOR = YES;
				GCC_WARN_UNINITIALIZED_AUTOS = YES_AGGRESSIVE;
				GCC_WARN_UNUSED_FUNCTION = YES;
				GCC_WARN_UNUSED_VARIABLE = YES;
				MTL_ENABLE_DEBUG_INFO = NO;
				MTL_FAST_MATH = YES;
				SWIFT_COMPILATION_MODE = wholemodule;
				SWIFT_OPTIMIZATION_LEVEL = "-O";
			};
			name = Release;
		};
		52A9AB8725AFEF67008434FF /* Debug */ = {
			isa = XCBuildConfiguration;
			baseConfigurationReference = 52A9ABEE25AFFCBF008434FF /* Production.xcconfig */;
			buildSettings = {
				ASSETCATALOG_COMPILER_APPICON_NAME = "$(APP_ICON_NAME)";
				ASSETCATALOG_COMPILER_GLOBAL_ACCENT_COLOR_NAME = AccentColor;
				CODE_SIGN_STYLE = Automatic;
				DEVELOPMENT_TEAM = "";
				ENABLE_PREVIEWS = YES;
				INFOPLIST_FILE = iOS/Info.plist;
				IPHONEOS_DEPLOYMENT_TARGET = 14.0;
				LD_RUNPATH_SEARCH_PATHS = (
					"$(inherited)",
					"@executable_path/Frameworks",
				);
				PRODUCT_BUNDLE_IDENTIFIER = "$(APP_BUNDLE_IDENTIFIER)";
				PRODUCT_NAME = "$(APP_NAME)";
				SDKROOT = iphoneos;
				SWIFT_VERSION = 5.0;
				TARGETED_DEVICE_FAMILY = "1,2";
			};
			name = Debug;
		};
		52A9AB8825AFEF67008434FF /* Release */ = {
			isa = XCBuildConfiguration;
			baseConfigurationReference = 52A9ABEE25AFFCBF008434FF /* Production.xcconfig */;
			buildSettings = {
				ASSETCATALOG_COMPILER_APPICON_NAME = "$(APP_ICON_NAME)";
				ASSETCATALOG_COMPILER_GLOBAL_ACCENT_COLOR_NAME = AccentColor;
				CODE_SIGN_STYLE = Automatic;
				DEVELOPMENT_TEAM = "";
				ENABLE_PREVIEWS = YES;
				INFOPLIST_FILE = iOS/Info.plist;
				IPHONEOS_DEPLOYMENT_TARGET = 14.0;
				LD_RUNPATH_SEARCH_PATHS = (
					"$(inherited)",
					"@executable_path/Frameworks",
				);
				PRODUCT_BUNDLE_IDENTIFIER = "$(APP_BUNDLE_IDENTIFIER)";
				PRODUCT_NAME = "$(APP_NAME)";
				SDKROOT = iphoneos;
				SWIFT_VERSION = 5.0;
				TARGETED_DEVICE_FAMILY = "1,2";
				VALIDATE_PRODUCT = YES;
			};
			name = Release;
		};
		52A9AB8A25AFEF67008434FF /* Debug */ = {
			isa = XCBuildConfiguration;
			baseConfigurationReference = 52A9ABEE25AFFCBF008434FF /* Production.xcconfig */;
			buildSettings = {
				ASSETCATALOG_COMPILER_APPICON_NAME = "$(APP_ICON_NAME)";
				ASSETCATALOG_COMPILER_GLOBAL_ACCENT_COLOR_NAME = AccentColor;
				CODE_SIGN_ENTITLEMENTS = macOS/macOS.entitlements;
				CODE_SIGN_IDENTITY = "-";
				CODE_SIGN_STYLE = Automatic;
				COMBINE_HIDPI_IMAGES = YES;
				DEAD_CODE_STRIPPING = YES;
				DEVELOPMENT_TEAM = "";
				ENABLE_HARDENED_RUNTIME = YES;
				ENABLE_PREVIEWS = YES;
				INFOPLIST_FILE = macOS/Info.plist;
				LD_RUNPATH_SEARCH_PATHS = (
					"$(inherited)",
					"@executable_path/../Frameworks",
				);
				MACOSX_DEPLOYMENT_TARGET = 11.0;
				PRODUCT_BUNDLE_IDENTIFIER = "$(APP_BUNDLE_IDENTIFIER)";
				PRODUCT_NAME = "$(APP_NAME)";
				SDKROOT = macosx;
				SWIFT_VERSION = 5.0;
			};
			name = Debug;
		};
		52A9AB8B25AFEF67008434FF /* Release */ = {
			isa = XCBuildConfiguration;
			baseConfigurationReference = 52A9ABEE25AFFCBF008434FF /* Production.xcconfig */;
			buildSettings = {
				ASSETCATALOG_COMPILER_APPICON_NAME = "$(APP_ICON_NAME)";
				ASSETCATALOG_COMPILER_GLOBAL_ACCENT_COLOR_NAME = AccentColor;
				CODE_SIGN_ENTITLEMENTS = macOS/macOS.entitlements;
				CODE_SIGN_IDENTITY = "-";
				CODE_SIGN_STYLE = Automatic;
				COMBINE_HIDPI_IMAGES = YES;
				DEAD_CODE_STRIPPING = YES;
				DEVELOPMENT_TEAM = V43T842S5T;
				ENABLE_HARDENED_RUNTIME = YES;
				ENABLE_PREVIEWS = YES;
				INFOPLIST_FILE = macOS/Info.plist;
				LD_RUNPATH_SEARCH_PATHS = (
					"$(inherited)",
					"@executable_path/../Frameworks",
				);
				MACOSX_DEPLOYMENT_TARGET = 11.0;
				PRODUCT_BUNDLE_IDENTIFIER = "$(APP_BUNDLE_IDENTIFIER)";
				PRODUCT_NAME = "$(APP_NAME)";
				SDKROOT = macosx;
				SWIFT_VERSION = 5.0;
			};
			name = Release;
		};
		52A9ABB725AFF030008434FF /* Debug */ = {
			isa = XCBuildConfiguration;
			baseConfigurationReference = 52A9ABEE25AFFCBF008434FF /* Production.xcconfig */;
			buildSettings = {
				ALWAYS_EMBED_SWIFT_STANDARD_LIBRARIES = YES;
				ASSETCATALOG_COMPILER_APPICON_NAME = "$(APP_ICON_NAME)";
				ASSETCATALOG_COMPILER_COMPLICATION_NAME = Complication;
				ASSETCATALOG_COMPILER_GLOBAL_ACCENT_COLOR_NAME = AccentColor;
				CODE_SIGN_STYLE = Automatic;
				DEVELOPMENT_TEAM = "";
				INFOPLIST_FILE = WatchOS/Info.plist;
				LD_RUNPATH_SEARCH_PATHS = (
					"@executable_path/Frameworks",
					"@executable_path/../../Frameworks",
				);
				PRODUCT_BUNDLE_IDENTIFIER = "$(APP_BUNDLE_IDENTIFIER).watchkitapp";
				PRODUCT_MODULE_NAME = "$(APP_NAME:c99extidentifier)";
				PRODUCT_NAME = "$(TARGET_NAME)";
				SDKROOT = watchos;
				SKIP_INSTALL = YES;
				SWIFT_VERSION = 5.0;
				TARGETED_DEVICE_FAMILY = 4;
				WATCHOS_DEPLOYMENT_TARGET = 7.2;
			};
			name = Debug;
		};
		52A9ABB825AFF030008434FF /* Release */ = {
			isa = XCBuildConfiguration;
			baseConfigurationReference = 52A9ABEE25AFFCBF008434FF /* Production.xcconfig */;
			buildSettings = {
				ALWAYS_EMBED_SWIFT_STANDARD_LIBRARIES = YES;
				ASSETCATALOG_COMPILER_APPICON_NAME = "$(APP_ICON_NAME)";
				ASSETCATALOG_COMPILER_COMPLICATION_NAME = Complication;
				ASSETCATALOG_COMPILER_GLOBAL_ACCENT_COLOR_NAME = AccentColor;
				CODE_SIGN_STYLE = Automatic;
				DEVELOPMENT_TEAM = "";
				INFOPLIST_FILE = WatchOS/Info.plist;
				LD_RUNPATH_SEARCH_PATHS = (
					"@executable_path/Frameworks",
					"@executable_path/../../Frameworks",
				);
				PRODUCT_BUNDLE_IDENTIFIER = "$(APP_BUNDLE_IDENTIFIER).watchkitapp";
				PRODUCT_MODULE_NAME = "$(APP_NAME:c99extidentifier)";
				PRODUCT_NAME = "$(TARGET_NAME)";
				SDKROOT = watchos;
				SKIP_INSTALL = YES;
				SWIFT_VERSION = 5.0;
				TARGETED_DEVICE_FAMILY = 4;
				VALIDATE_PRODUCT = YES;
				WATCHOS_DEPLOYMENT_TARGET = 7.2;
			};
			name = Release;
		};
		52A9ABC725AFF1A8008434FF /* Debug,development */ = {
			isa = XCBuildConfiguration;
			baseConfigurationReference = 52A9ABDC25AFFC8A008434FF /* Development.xcconfig */;
			buildSettings = {
				ALWAYS_SEARCH_USER_PATHS = NO;
				CLANG_ANALYZER_NONNULL = YES;
				CLANG_ANALYZER_NUMBER_OBJECT_CONVERSION = YES_AGGRESSIVE;
				CLANG_CXX_LANGUAGE_STANDARD = "gnu++14";
				CLANG_CXX_LIBRARY = "libc++";
				CLANG_ENABLE_MODULES = YES;
				CLANG_ENABLE_OBJC_ARC = YES;
				CLANG_ENABLE_OBJC_WEAK = YES;
				CLANG_WARN_BLOCK_CAPTURE_AUTORELEASING = YES;
				CLANG_WARN_BOOL_CONVERSION = YES;
				CLANG_WARN_COMMA = YES;
				CLANG_WARN_CONSTANT_CONVERSION = YES;
				CLANG_WARN_DEPRECATED_OBJC_IMPLEMENTATIONS = YES;
				CLANG_WARN_DIRECT_OBJC_ISA_USAGE = YES_ERROR;
				CLANG_WARN_DOCUMENTATION_COMMENTS = YES;
				CLANG_WARN_EMPTY_BODY = YES;
				CLANG_WARN_ENUM_CONVERSION = YES;
				CLANG_WARN_INFINITE_RECURSION = YES;
				CLANG_WARN_INT_CONVERSION = YES;
				CLANG_WARN_NON_LITERAL_NULL_CONVERSION = YES;
				CLANG_WARN_OBJC_IMPLICIT_RETAIN_SELF = YES;
				CLANG_WARN_OBJC_LITERAL_CONVERSION = YES;
				CLANG_WARN_OBJC_ROOT_CLASS = YES_ERROR;
				CLANG_WARN_QUOTED_INCLUDE_IN_FRAMEWORK_HEADER = YES;
				CLANG_WARN_RANGE_LOOP_ANALYSIS = YES;
				CLANG_WARN_STRICT_PROTOTYPES = YES;
				CLANG_WARN_SUSPICIOUS_MOVE = YES;
				CLANG_WARN_UNGUARDED_AVAILABILITY = YES_AGGRESSIVE;
				CLANG_WARN_UNREACHABLE_CODE = YES;
				CLANG_WARN__DUPLICATE_METHOD_MATCH = YES;
				COPY_PHASE_STRIP = NO;
				DEAD_CODE_STRIPPING = YES;
				DEBUG_INFORMATION_FORMAT = dwarf;
				ENABLE_STRICT_OBJC_MSGSEND = YES;
				ENABLE_TESTABILITY = YES;
				GCC_C_LANGUAGE_STANDARD = gnu11;
				GCC_DYNAMIC_NO_PIC = NO;
				GCC_NO_COMMON_BLOCKS = YES;
				GCC_OPTIMIZATION_LEVEL = 0;
				GCC_PREPROCESSOR_DEFINITIONS = (
					"DEBUG=1",
					"$(inherited)",
				);
				GCC_WARN_64_TO_32_BIT_CONVERSION = YES;
				GCC_WARN_ABOUT_RETURN_TYPE = YES_ERROR;
				GCC_WARN_UNDECLARED_SELECTOR = YES;
				GCC_WARN_UNINITIALIZED_AUTOS = YES_AGGRESSIVE;
				GCC_WARN_UNUSED_FUNCTION = YES;
				GCC_WARN_UNUSED_VARIABLE = YES;
				MTL_ENABLE_DEBUG_INFO = INCLUDE_SOURCE;
				MTL_FAST_MATH = YES;
				ONLY_ACTIVE_ARCH = YES;
				SWIFT_ACTIVE_COMPILATION_CONDITIONS = DEBUG;
				SWIFT_OPTIMIZATION_LEVEL = "-Onone";
			};
			name = "Debug,development";
		};
		52A9ABC825AFF1A8008434FF /* Debug,development */ = {
			isa = XCBuildConfiguration;
			baseConfigurationReference = 52A9ABDC25AFFC8A008434FF /* Development.xcconfig */;
			buildSettings = {
				ASSETCATALOG_COMPILER_APPICON_NAME = "$(APP_ICON_NAME)";
				ASSETCATALOG_COMPILER_GLOBAL_ACCENT_COLOR_NAME = AccentColor;
				CODE_SIGN_STYLE = Automatic;
				DEVELOPMENT_TEAM = "";
				ENABLE_PREVIEWS = YES;
				INFOPLIST_FILE = iOS/Info.plist;
				IPHONEOS_DEPLOYMENT_TARGET = 14.0;
				LD_RUNPATH_SEARCH_PATHS = (
					"$(inherited)",
					"@executable_path/Frameworks",
				);
				PRODUCT_BUNDLE_IDENTIFIER = "$(APP_BUNDLE_IDENTIFIER)";
				PRODUCT_NAME = "$(APP_NAME)";
				SDKROOT = iphoneos;
				SWIFT_VERSION = 5.0;
				TARGETED_DEVICE_FAMILY = "1,2";
			};
			name = "Debug,development";
		};
		52A9ABC925AFF1A8008434FF /* Debug,development */ = {
			isa = XCBuildConfiguration;
			baseConfigurationReference = 52A9ABDC25AFFC8A008434FF /* Development.xcconfig */;
			buildSettings = {
				ASSETCATALOG_COMPILER_APPICON_NAME = "$(APP_ICON_NAME)";
				ASSETCATALOG_COMPILER_GLOBAL_ACCENT_COLOR_NAME = AccentColor;
				CODE_SIGN_ENTITLEMENTS = macOS/macOS.entitlements;
				CODE_SIGN_IDENTITY = "-";
				CODE_SIGN_STYLE = Automatic;
				COMBINE_HIDPI_IMAGES = YES;
				DEAD_CODE_STRIPPING = YES;
				DEVELOPMENT_TEAM = "";
				ENABLE_HARDENED_RUNTIME = YES;
				ENABLE_PREVIEWS = YES;
				INFOPLIST_FILE = macOS/Info.plist;
				LD_RUNPATH_SEARCH_PATHS = (
					"$(inherited)",
					"@executable_path/../Frameworks",
				);
				MACOSX_DEPLOYMENT_TARGET = 11.0;
				PRODUCT_BUNDLE_IDENTIFIER = "$(APP_BUNDLE_IDENTIFIER)";
				PRODUCT_NAME = "$(APP_NAME)";
				SDKROOT = macosx;
				SWIFT_VERSION = 5.0;
			};
			name = "Debug,development";
		};
		52A9ABCA25AFF1A8008434FF /* Debug,development */ = {
			isa = XCBuildConfiguration;
			baseConfigurationReference = 52A9ABDC25AFFC8A008434FF /* Development.xcconfig */;
			buildSettings = {
				ALWAYS_EMBED_SWIFT_STANDARD_LIBRARIES = YES;
				ASSETCATALOG_COMPILER_APPICON_NAME = "$(APP_ICON_NAME)";
				ASSETCATALOG_COMPILER_COMPLICATION_NAME = Complication;
				ASSETCATALOG_COMPILER_GLOBAL_ACCENT_COLOR_NAME = AccentColor;
				CODE_SIGN_STYLE = Automatic;
				DEVELOPMENT_TEAM = "";
				INFOPLIST_FILE = WatchOS/Info.plist;
				LD_RUNPATH_SEARCH_PATHS = (
					"@executable_path/Frameworks",
					"@executable_path/../../Frameworks",
				);
				PRODUCT_BUNDLE_IDENTIFIER = "$(APP_BUNDLE_IDENTIFIER).watchkitapp";
				PRODUCT_MODULE_NAME = "$(APP_NAME:c99extidentifier)";
				PRODUCT_NAME = "$(TARGET_NAME)";
				SDKROOT = watchos;
				SKIP_INSTALL = YES;
				SWIFT_VERSION = 5.0;
				TARGETED_DEVICE_FAMILY = 4;
				WATCHOS_DEPLOYMENT_TARGET = 7.2;
			};
			name = "Debug,development";
		};
		52A9ABCC25AFF1BE008434FF /* Debug.staging */ = {
			isa = XCBuildConfiguration;
			baseConfigurationReference = 52A9ABE525AFFCA6008434FF /* Staging.xcconfig */;
			buildSettings = {
				ALWAYS_SEARCH_USER_PATHS = NO;
				CLANG_ANALYZER_NONNULL = YES;
				CLANG_ANALYZER_NUMBER_OBJECT_CONVERSION = YES_AGGRESSIVE;
				CLANG_CXX_LANGUAGE_STANDARD = "gnu++14";
				CLANG_CXX_LIBRARY = "libc++";
				CLANG_ENABLE_MODULES = YES;
				CLANG_ENABLE_OBJC_ARC = YES;
				CLANG_ENABLE_OBJC_WEAK = YES;
				CLANG_WARN_BLOCK_CAPTURE_AUTORELEASING = YES;
				CLANG_WARN_BOOL_CONVERSION = YES;
				CLANG_WARN_COMMA = YES;
				CLANG_WARN_CONSTANT_CONVERSION = YES;
				CLANG_WARN_DEPRECATED_OBJC_IMPLEMENTATIONS = YES;
				CLANG_WARN_DIRECT_OBJC_ISA_USAGE = YES_ERROR;
				CLANG_WARN_DOCUMENTATION_COMMENTS = YES;
				CLANG_WARN_EMPTY_BODY = YES;
				CLANG_WARN_ENUM_CONVERSION = YES;
				CLANG_WARN_INFINITE_RECURSION = YES;
				CLANG_WARN_INT_CONVERSION = YES;
				CLANG_WARN_NON_LITERAL_NULL_CONVERSION = YES;
				CLANG_WARN_OBJC_IMPLICIT_RETAIN_SELF = YES;
				CLANG_WARN_OBJC_LITERAL_CONVERSION = YES;
				CLANG_WARN_OBJC_ROOT_CLASS = YES_ERROR;
				CLANG_WARN_QUOTED_INCLUDE_IN_FRAMEWORK_HEADER = YES;
				CLANG_WARN_RANGE_LOOP_ANALYSIS = YES;
				CLANG_WARN_STRICT_PROTOTYPES = YES;
				CLANG_WARN_SUSPICIOUS_MOVE = YES;
				CLANG_WARN_UNGUARDED_AVAILABILITY = YES_AGGRESSIVE;
				CLANG_WARN_UNREACHABLE_CODE = YES;
				CLANG_WARN__DUPLICATE_METHOD_MATCH = YES;
				COPY_PHASE_STRIP = NO;
				DEAD_CODE_STRIPPING = YES;
				DEBUG_INFORMATION_FORMAT = dwarf;
				ENABLE_STRICT_OBJC_MSGSEND = YES;
				ENABLE_TESTABILITY = YES;
				GCC_C_LANGUAGE_STANDARD = gnu11;
				GCC_DYNAMIC_NO_PIC = NO;
				GCC_NO_COMMON_BLOCKS = YES;
				GCC_OPTIMIZATION_LEVEL = 0;
				GCC_PREPROCESSOR_DEFINITIONS = (
					"DEBUG=1",
					"$(inherited)",
				);
				GCC_WARN_64_TO_32_BIT_CONVERSION = YES;
				GCC_WARN_ABOUT_RETURN_TYPE = YES_ERROR;
				GCC_WARN_UNDECLARED_SELECTOR = YES;
				GCC_WARN_UNINITIALIZED_AUTOS = YES_AGGRESSIVE;
				GCC_WARN_UNUSED_FUNCTION = YES;
				GCC_WARN_UNUSED_VARIABLE = YES;
				MTL_ENABLE_DEBUG_INFO = INCLUDE_SOURCE;
				MTL_FAST_MATH = YES;
				ONLY_ACTIVE_ARCH = YES;
				SWIFT_ACTIVE_COMPILATION_CONDITIONS = DEBUG;
				SWIFT_OPTIMIZATION_LEVEL = "-Onone";
			};
			name = Debug.staging;
		};
		52A9ABCD25AFF1BE008434FF /* Debug.staging */ = {
			isa = XCBuildConfiguration;
			baseConfigurationReference = 52A9ABE525AFFCA6008434FF /* Staging.xcconfig */;
			buildSettings = {
				ASSETCATALOG_COMPILER_APPICON_NAME = "$(APP_ICON_NAME)";
				ASSETCATALOG_COMPILER_GLOBAL_ACCENT_COLOR_NAME = AccentColor;
				CODE_SIGN_STYLE = Automatic;
				DEVELOPMENT_TEAM = "";
				ENABLE_PREVIEWS = YES;
				INFOPLIST_FILE = iOS/Info.plist;
				IPHONEOS_DEPLOYMENT_TARGET = 14.0;
				LD_RUNPATH_SEARCH_PATHS = (
					"$(inherited)",
					"@executable_path/Frameworks",
				);
				PRODUCT_BUNDLE_IDENTIFIER = "$(APP_BUNDLE_IDENTIFIER)";
				PRODUCT_NAME = "$(APP_NAME)";
				SDKROOT = iphoneos;
				SWIFT_VERSION = 5.0;
				TARGETED_DEVICE_FAMILY = "1,2";
			};
			name = Debug.staging;
		};
		52A9ABCE25AFF1BE008434FF /* Debug.staging */ = {
			isa = XCBuildConfiguration;
			baseConfigurationReference = 52A9ABE525AFFCA6008434FF /* Staging.xcconfig */;
			buildSettings = {
				ASSETCATALOG_COMPILER_APPICON_NAME = "$(APP_ICON_NAME)";
				ASSETCATALOG_COMPILER_GLOBAL_ACCENT_COLOR_NAME = AccentColor;
				CODE_SIGN_ENTITLEMENTS = macOS/macOS.entitlements;
				CODE_SIGN_IDENTITY = "-";
				CODE_SIGN_STYLE = Automatic;
				COMBINE_HIDPI_IMAGES = YES;
				DEAD_CODE_STRIPPING = YES;
				DEVELOPMENT_TEAM = "";
				ENABLE_HARDENED_RUNTIME = YES;
				ENABLE_PREVIEWS = YES;
				INFOPLIST_FILE = macOS/Info.plist;
				LD_RUNPATH_SEARCH_PATHS = (
					"$(inherited)",
					"@executable_path/../Frameworks",
				);
				MACOSX_DEPLOYMENT_TARGET = 11.0;
				PRODUCT_BUNDLE_IDENTIFIER = "$(APP_BUNDLE_IDENTIFIER)";
				PRODUCT_NAME = "$(APP_NAME)";
				SDKROOT = macosx;
				SWIFT_VERSION = 5.0;
			};
			name = Debug.staging;
		};
		52A9ABCF25AFF1BE008434FF /* Debug.staging */ = {
			isa = XCBuildConfiguration;
			baseConfigurationReference = 52A9ABE525AFFCA6008434FF /* Staging.xcconfig */;
			buildSettings = {
				ALWAYS_EMBED_SWIFT_STANDARD_LIBRARIES = YES;
				ASSETCATALOG_COMPILER_APPICON_NAME = "$(APP_ICON_NAME)";
				ASSETCATALOG_COMPILER_COMPLICATION_NAME = Complication;
				ASSETCATALOG_COMPILER_GLOBAL_ACCENT_COLOR_NAME = AccentColor;
				CODE_SIGN_STYLE = Automatic;
				DEVELOPMENT_TEAM = "";
				INFOPLIST_FILE = WatchOS/Info.plist;
				LD_RUNPATH_SEARCH_PATHS = (
					"@executable_path/Frameworks",
					"@executable_path/../../Frameworks",
				);
				PRODUCT_BUNDLE_IDENTIFIER = "$(APP_BUNDLE_IDENTIFIER).watchkitapp";
				PRODUCT_MODULE_NAME = "$(APP_NAME:c99extidentifier)";
				PRODUCT_NAME = "$(TARGET_NAME)";
				SDKROOT = watchos;
				SKIP_INSTALL = YES;
				SWIFT_VERSION = 5.0;
				TARGETED_DEVICE_FAMILY = 4;
				WATCHOS_DEPLOYMENT_TARGET = 7.2;
			};
			name = Debug.staging;
		};
		52A9ABD125AFF1DB008434FF /* Release.development */ = {
			isa = XCBuildConfiguration;
			baseConfigurationReference = 52A9ABDC25AFFC8A008434FF /* Development.xcconfig */;
			buildSettings = {
				ALWAYS_SEARCH_USER_PATHS = NO;
				CLANG_ANALYZER_NONNULL = YES;
				CLANG_ANALYZER_NUMBER_OBJECT_CONVERSION = YES_AGGRESSIVE;
				CLANG_CXX_LANGUAGE_STANDARD = "gnu++14";
				CLANG_CXX_LIBRARY = "libc++";
				CLANG_ENABLE_MODULES = YES;
				CLANG_ENABLE_OBJC_ARC = YES;
				CLANG_ENABLE_OBJC_WEAK = YES;
				CLANG_WARN_BLOCK_CAPTURE_AUTORELEASING = YES;
				CLANG_WARN_BOOL_CONVERSION = YES;
				CLANG_WARN_COMMA = YES;
				CLANG_WARN_CONSTANT_CONVERSION = YES;
				CLANG_WARN_DEPRECATED_OBJC_IMPLEMENTATIONS = YES;
				CLANG_WARN_DIRECT_OBJC_ISA_USAGE = YES_ERROR;
				CLANG_WARN_DOCUMENTATION_COMMENTS = YES;
				CLANG_WARN_EMPTY_BODY = YES;
				CLANG_WARN_ENUM_CONVERSION = YES;
				CLANG_WARN_INFINITE_RECURSION = YES;
				CLANG_WARN_INT_CONVERSION = YES;
				CLANG_WARN_NON_LITERAL_NULL_CONVERSION = YES;
				CLANG_WARN_OBJC_IMPLICIT_RETAIN_SELF = YES;
				CLANG_WARN_OBJC_LITERAL_CONVERSION = YES;
				CLANG_WARN_OBJC_ROOT_CLASS = YES_ERROR;
				CLANG_WARN_QUOTED_INCLUDE_IN_FRAMEWORK_HEADER = YES;
				CLANG_WARN_RANGE_LOOP_ANALYSIS = YES;
				CLANG_WARN_STRICT_PROTOTYPES = YES;
				CLANG_WARN_SUSPICIOUS_MOVE = YES;
				CLANG_WARN_UNGUARDED_AVAILABILITY = YES_AGGRESSIVE;
				CLANG_WARN_UNREACHABLE_CODE = YES;
				CLANG_WARN__DUPLICATE_METHOD_MATCH = YES;
				COPY_PHASE_STRIP = NO;
				DEAD_CODE_STRIPPING = YES;
				DEBUG_INFORMATION_FORMAT = "dwarf-with-dsym";
				ENABLE_NS_ASSERTIONS = NO;
				ENABLE_STRICT_OBJC_MSGSEND = YES;
				GCC_C_LANGUAGE_STANDARD = gnu11;
				GCC_NO_COMMON_BLOCKS = YES;
				GCC_WARN_64_TO_32_BIT_CONVERSION = YES;
				GCC_WARN_ABOUT_RETURN_TYPE = YES_ERROR;
				GCC_WARN_UNDECLARED_SELECTOR = YES;
				GCC_WARN_UNINITIALIZED_AUTOS = YES_AGGRESSIVE;
				GCC_WARN_UNUSED_FUNCTION = YES;
				GCC_WARN_UNUSED_VARIABLE = YES;
				MTL_ENABLE_DEBUG_INFO = NO;
				MTL_FAST_MATH = YES;
				SWIFT_COMPILATION_MODE = wholemodule;
				SWIFT_OPTIMIZATION_LEVEL = "-O";
			};
			name = Release.development;
		};
		52A9ABD225AFF1DB008434FF /* Release.development */ = {
			isa = XCBuildConfiguration;
			baseConfigurationReference = 52A9ABDC25AFFC8A008434FF /* Development.xcconfig */;
			buildSettings = {
				ASSETCATALOG_COMPILER_APPICON_NAME = "$(APP_ICON_NAME)";
				ASSETCATALOG_COMPILER_GLOBAL_ACCENT_COLOR_NAME = AccentColor;
				CODE_SIGN_STYLE = Automatic;
				DEVELOPMENT_TEAM = "";
				ENABLE_PREVIEWS = YES;
				INFOPLIST_FILE = iOS/Info.plist;
				IPHONEOS_DEPLOYMENT_TARGET = 14.0;
				LD_RUNPATH_SEARCH_PATHS = (
					"$(inherited)",
					"@executable_path/Frameworks",
				);
				PRODUCT_BUNDLE_IDENTIFIER = "$(APP_BUNDLE_IDENTIFIER)";
				PRODUCT_NAME = "$(APP_NAME)";
				SDKROOT = iphoneos;
				SWIFT_VERSION = 5.0;
				TARGETED_DEVICE_FAMILY = "1,2";
				VALIDATE_PRODUCT = YES;
			};
			name = Release.development;
		};
		52A9ABD325AFF1DB008434FF /* Release.development */ = {
			isa = XCBuildConfiguration;
			baseConfigurationReference = 52A9ABDC25AFFC8A008434FF /* Development.xcconfig */;
			buildSettings = {
				ASSETCATALOG_COMPILER_APPICON_NAME = "$(APP_ICON_NAME)";
				ASSETCATALOG_COMPILER_GLOBAL_ACCENT_COLOR_NAME = AccentColor;
				CODE_SIGN_ENTITLEMENTS = macOS/macOS.entitlements;
				CODE_SIGN_IDENTITY = "-";
				CODE_SIGN_STYLE = Automatic;
				COMBINE_HIDPI_IMAGES = YES;
				DEAD_CODE_STRIPPING = YES;
				DEVELOPMENT_TEAM = "";
				ENABLE_HARDENED_RUNTIME = YES;
				ENABLE_PREVIEWS = YES;
				INFOPLIST_FILE = macOS/Info.plist;
				LD_RUNPATH_SEARCH_PATHS = (
					"$(inherited)",
					"@executable_path/../Frameworks",
				);
				MACOSX_DEPLOYMENT_TARGET = 11.0;
				PRODUCT_BUNDLE_IDENTIFIER = "$(APP_BUNDLE_IDENTIFIER)";
				PRODUCT_NAME = "$(APP_NAME)";
				SDKROOT = macosx;
				SWIFT_VERSION = 5.0;
			};
			name = Release.development;
		};
		52A9ABD425AFF1DB008434FF /* Release.development */ = {
			isa = XCBuildConfiguration;
			baseConfigurationReference = 52A9ABDC25AFFC8A008434FF /* Development.xcconfig */;
			buildSettings = {
				ALWAYS_EMBED_SWIFT_STANDARD_LIBRARIES = YES;
				ASSETCATALOG_COMPILER_APPICON_NAME = "$(APP_ICON_NAME)";
				ASSETCATALOG_COMPILER_COMPLICATION_NAME = Complication;
				ASSETCATALOG_COMPILER_GLOBAL_ACCENT_COLOR_NAME = AccentColor;
				CODE_SIGN_STYLE = Automatic;
				DEVELOPMENT_TEAM = "";
				INFOPLIST_FILE = WatchOS/Info.plist;
				LD_RUNPATH_SEARCH_PATHS = (
					"@executable_path/Frameworks",
					"@executable_path/../../Frameworks",
				);
				PRODUCT_BUNDLE_IDENTIFIER = "$(APP_BUNDLE_IDENTIFIER).watchkitapp";
				PRODUCT_MODULE_NAME = "$(APP_NAME:c99extidentifier)";
				PRODUCT_NAME = "$(TARGET_NAME)";
				SDKROOT = watchos;
				SKIP_INSTALL = YES;
				SWIFT_VERSION = 5.0;
				TARGETED_DEVICE_FAMILY = 4;
				VALIDATE_PRODUCT = YES;
				WATCHOS_DEPLOYMENT_TARGET = 7.2;
			};
			name = Release.development;
		};
		52A9ABD625AFF1E9008434FF /* Release.staging */ = {
			isa = XCBuildConfiguration;
			baseConfigurationReference = 52A9ABE525AFFCA6008434FF /* Staging.xcconfig */;
			buildSettings = {
				ALWAYS_SEARCH_USER_PATHS = NO;
				CLANG_ANALYZER_NONNULL = YES;
				CLANG_ANALYZER_NUMBER_OBJECT_CONVERSION = YES_AGGRESSIVE;
				CLANG_CXX_LANGUAGE_STANDARD = "gnu++14";
				CLANG_CXX_LIBRARY = "libc++";
				CLANG_ENABLE_MODULES = YES;
				CLANG_ENABLE_OBJC_ARC = YES;
				CLANG_ENABLE_OBJC_WEAK = YES;
				CLANG_WARN_BLOCK_CAPTURE_AUTORELEASING = YES;
				CLANG_WARN_BOOL_CONVERSION = YES;
				CLANG_WARN_COMMA = YES;
				CLANG_WARN_CONSTANT_CONVERSION = YES;
				CLANG_WARN_DEPRECATED_OBJC_IMPLEMENTATIONS = YES;
				CLANG_WARN_DIRECT_OBJC_ISA_USAGE = YES_ERROR;
				CLANG_WARN_DOCUMENTATION_COMMENTS = YES;
				CLANG_WARN_EMPTY_BODY = YES;
				CLANG_WARN_ENUM_CONVERSION = YES;
				CLANG_WARN_INFINITE_RECURSION = YES;
				CLANG_WARN_INT_CONVERSION = YES;
				CLANG_WARN_NON_LITERAL_NULL_CONVERSION = YES;
				CLANG_WARN_OBJC_IMPLICIT_RETAIN_SELF = YES;
				CLANG_WARN_OBJC_LITERAL_CONVERSION = YES;
				CLANG_WARN_OBJC_ROOT_CLASS = YES_ERROR;
				CLANG_WARN_QUOTED_INCLUDE_IN_FRAMEWORK_HEADER = YES;
				CLANG_WARN_RANGE_LOOP_ANALYSIS = YES;
				CLANG_WARN_STRICT_PROTOTYPES = YES;
				CLANG_WARN_SUSPICIOUS_MOVE = YES;
				CLANG_WARN_UNGUARDED_AVAILABILITY = YES_AGGRESSIVE;
				CLANG_WARN_UNREACHABLE_CODE = YES;
				CLANG_WARN__DUPLICATE_METHOD_MATCH = YES;
				COPY_PHASE_STRIP = NO;
				DEAD_CODE_STRIPPING = YES;
				DEBUG_INFORMATION_FORMAT = "dwarf-with-dsym";
				ENABLE_NS_ASSERTIONS = NO;
				ENABLE_STRICT_OBJC_MSGSEND = YES;
				GCC_C_LANGUAGE_STANDARD = gnu11;
				GCC_NO_COMMON_BLOCKS = YES;
				GCC_WARN_64_TO_32_BIT_CONVERSION = YES;
				GCC_WARN_ABOUT_RETURN_TYPE = YES_ERROR;
				GCC_WARN_UNDECLARED_SELECTOR = YES;
				GCC_WARN_UNINITIALIZED_AUTOS = YES_AGGRESSIVE;
				GCC_WARN_UNUSED_FUNCTION = YES;
				GCC_WARN_UNUSED_VARIABLE = YES;
				MTL_ENABLE_DEBUG_INFO = NO;
				MTL_FAST_MATH = YES;
				SWIFT_COMPILATION_MODE = wholemodule;
				SWIFT_OPTIMIZATION_LEVEL = "-O";
			};
			name = Release.staging;
		};
		52A9ABD725AFF1E9008434FF /* Release.staging */ = {
			isa = XCBuildConfiguration;
			baseConfigurationReference = 52A9ABE525AFFCA6008434FF /* Staging.xcconfig */;
			buildSettings = {
				ASSETCATALOG_COMPILER_APPICON_NAME = "$(APP_ICON_NAME)";
				ASSETCATALOG_COMPILER_GLOBAL_ACCENT_COLOR_NAME = AccentColor;
				CODE_SIGN_STYLE = Automatic;
				DEVELOPMENT_TEAM = "";
				ENABLE_PREVIEWS = YES;
				INFOPLIST_FILE = iOS/Info.plist;
				IPHONEOS_DEPLOYMENT_TARGET = 14.0;
				LD_RUNPATH_SEARCH_PATHS = (
					"$(inherited)",
					"@executable_path/Frameworks",
				);
				PRODUCT_BUNDLE_IDENTIFIER = "$(APP_BUNDLE_IDENTIFIER)";
				PRODUCT_NAME = "$(APP_NAME)";
				SDKROOT = iphoneos;
				SWIFT_VERSION = 5.0;
				TARGETED_DEVICE_FAMILY = "1,2";
				VALIDATE_PRODUCT = YES;
			};
			name = Release.staging;
		};
		52A9ABD825AFF1E9008434FF /* Release.staging */ = {
			isa = XCBuildConfiguration;
			baseConfigurationReference = 52A9ABE525AFFCA6008434FF /* Staging.xcconfig */;
			buildSettings = {
				ASSETCATALOG_COMPILER_APPICON_NAME = "$(APP_ICON_NAME)";
				ASSETCATALOG_COMPILER_GLOBAL_ACCENT_COLOR_NAME = AccentColor;
				CODE_SIGN_ENTITLEMENTS = macOS/macOS.entitlements;
				CODE_SIGN_IDENTITY = "-";
				CODE_SIGN_STYLE = Automatic;
				COMBINE_HIDPI_IMAGES = YES;
				DEAD_CODE_STRIPPING = YES;
				DEVELOPMENT_TEAM = "";
				ENABLE_HARDENED_RUNTIME = YES;
				ENABLE_PREVIEWS = YES;
				INFOPLIST_FILE = macOS/Info.plist;
				LD_RUNPATH_SEARCH_PATHS = (
					"$(inherited)",
					"@executable_path/../Frameworks",
				);
				MACOSX_DEPLOYMENT_TARGET = 11.0;
				PRODUCT_BUNDLE_IDENTIFIER = "$(APP_BUNDLE_IDENTIFIER)";
				PRODUCT_NAME = "$(APP_NAME)";
				SDKROOT = macosx;
				SWIFT_VERSION = 5.0;
			};
			name = Release.staging;
		};
		52A9ABD925AFF1E9008434FF /* Release.staging */ = {
			isa = XCBuildConfiguration;
			baseConfigurationReference = 52A9ABE525AFFCA6008434FF /* Staging.xcconfig */;
			buildSettings = {
				ALWAYS_EMBED_SWIFT_STANDARD_LIBRARIES = YES;
				ASSETCATALOG_COMPILER_APPICON_NAME = "$(APP_ICON_NAME)";
				ASSETCATALOG_COMPILER_COMPLICATION_NAME = Complication;
				ASSETCATALOG_COMPILER_GLOBAL_ACCENT_COLOR_NAME = AccentColor;
				CODE_SIGN_STYLE = Automatic;
				DEVELOPMENT_TEAM = "";
				INFOPLIST_FILE = WatchOS/Info.plist;
				LD_RUNPATH_SEARCH_PATHS = (
					"@executable_path/Frameworks",
					"@executable_path/../../Frameworks",
				);
				PRODUCT_BUNDLE_IDENTIFIER = "$(APP_BUNDLE_IDENTIFIER).watchkitapp";
				PRODUCT_MODULE_NAME = "$(APP_NAME:c99extidentifier)";
				PRODUCT_NAME = "$(TARGET_NAME)";
				SDKROOT = watchos;
				SKIP_INSTALL = YES;
				SWIFT_VERSION = 5.0;
				TARGETED_DEVICE_FAMILY = 4;
				VALIDATE_PRODUCT = YES;
				WATCHOS_DEPLOYMENT_TARGET = 7.2;
			};
			name = Release.staging;
		};
/* End XCBuildConfiguration section */

/* Begin XCConfigurationList section */
		52A9AB6225AFEF66008434FF /* Build configuration list for PBXProject "StreamCast" */ = {
			isa = XCConfigurationList;
			buildConfigurations = (
				52A9AB8425AFEF67008434FF /* Debug */,
				52A9ABCC25AFF1BE008434FF /* Debug.staging */,
				52A9ABC725AFF1A8008434FF /* Debug,development */,
				52A9AB8525AFEF67008434FF /* Release */,
				52A9ABD625AFF1E9008434FF /* Release.staging */,
				52A9ABD125AFF1DB008434FF /* Release.development */,
			);
			defaultConfigurationIsVisible = 0;
			defaultConfigurationName = Release;
		};
		52A9AB8625AFEF67008434FF /* Build configuration list for PBXNativeTarget "StreamCast (iOS)" */ = {
			isa = XCConfigurationList;
			buildConfigurations = (
				52A9AB8725AFEF67008434FF /* Debug */,
				52A9ABCD25AFF1BE008434FF /* Debug.staging */,
				52A9ABC825AFF1A8008434FF /* Debug,development */,
				52A9AB8825AFEF67008434FF /* Release */,
				52A9ABD725AFF1E9008434FF /* Release.staging */,
				52A9ABD225AFF1DB008434FF /* Release.development */,
			);
			defaultConfigurationIsVisible = 0;
			defaultConfigurationName = Release;
		};
		52A9AB8925AFEF67008434FF /* Build configuration list for PBXNativeTarget "StreamCast (macOS)" */ = {
			isa = XCConfigurationList;
			buildConfigurations = (
				52A9AB8A25AFEF67008434FF /* Debug */,
				52A9ABCE25AFF1BE008434FF /* Debug.staging */,
				52A9ABC925AFF1A8008434FF /* Debug,development */,
				52A9AB8B25AFEF67008434FF /* Release */,
				52A9ABD825AFF1E9008434FF /* Release.staging */,
				52A9ABD325AFF1DB008434FF /* Release.development */,
			);
			defaultConfigurationIsVisible = 0;
			defaultConfigurationName = Release;
		};
		52A9ABB625AFF030008434FF /* Build configuration list for PBXNativeTarget "WatchOS" */ = {
			isa = XCConfigurationList;
			buildConfigurations = (
				52A9ABB725AFF030008434FF /* Debug */,
				52A9ABCF25AFF1BE008434FF /* Debug.staging */,
				52A9ABCA25AFF1A8008434FF /* Debug,development */,
				52A9ABB825AFF030008434FF /* Release */,
				52A9ABD925AFF1E9008434FF /* Release.staging */,
				52A9ABD425AFF1DB008434FF /* Release.development */,
			);
			defaultConfigurationIsVisible = 0;
			defaultConfigurationName = Release;
		};
/* End XCConfigurationList section */

/* Begin XCRemoteSwiftPackageReference section */
		8D97CC712930BA4F00668E94 /* XCRemoteSwiftPackageReference "FeedKit" */ = {
			isa = XCRemoteSwiftPackageReference;
			repositoryURL = "https://github.com/nmdias/FeedKit.git";
			requirement = {
				kind = upToNextMajorVersion;
				minimumVersion = 9.0.0;
			};
		};
/* End XCRemoteSwiftPackageReference section */

/* Begin XCSwiftPackageProductDependency section */
		8D8B22CF293347D30035D5F3 /* FeedKit */ = {
			isa = XCSwiftPackageProductDependency;
			package = 8D97CC712930BA4F00668E94 /* XCRemoteSwiftPackageReference "FeedKit" */;
			productName = FeedKit;
		};
		8D97CC722930BA4F00668E94 /* FeedKit */ = {
			isa = XCSwiftPackageProductDependency;
			package = 8D97CC712930BA4F00668E94 /* XCRemoteSwiftPackageReference "FeedKit" */;
			productName = FeedKit;
		};
/* End XCSwiftPackageProductDependency section */

/* Begin XCVersionGroup section */
		52A9AB6425AFEF66008434FF /* StreamCast.xcdatamodeld */ = {
			isa = XCVersionGroup;
			children = (
				52A9AB6525AFEF66008434FF /* Shared.xcdatamodel */,
			);
			currentVersion = 52A9AB6525AFEF66008434FF /* Shared.xcdatamodel */;
			path = StreamCast.xcdatamodeld;
			sourceTree = "<group>";
			versionGroupType = wrapper.xcdatamodel;
		};
/* End XCVersionGroup section */
	};
	rootObject = 52A9AB5F25AFEF66008434FF /* Project object */;
}
